
Microsoft Visual Studio Solution File, Format Version 12.00
# Visual Studio Version 17
VisualStudioVersion = 17.6.33723.286
MinimumVisualStudioVersion = 10.0.40219.1
Project("{FAE04EC0-301F-11D3-BF4B-00C04F79EFBC}") = "Demo", "Demo\Demo.csproj", "{019E4434-42A4-43F0-A550-FF0976E8D9AD}"
EndProject
Global
	GlobalSection(SolutionConfigurationPlatforms) = preSolution
		Debug|Any CPU = Debug|Any CPU
		Release|Any CPU = Release|Any CPU
	EndGlobalSection
	GlobalSection(ProjectConfigurationPlatforms) = postSolution
		{019E4434-42A4-43F0-A550-FF0976E8D9AD}.Debug|Any CPU.ActiveCfg = Debug|Any CPU
		{019E4434-42A4-43F0-A550-FF0976E8D9AD}.Debug|Any CPU.Build.0 = Debug|Any CPU
		{019E4434-42A4-43F0-A550-FF0976E8D9AD}.Release|Any CPU.ActiveCfg = Release|Any CPU
		{019E4434-42A4-43F0-A550-FF0976E8D9AD}.Release|Any CPU.Build.0 = Release|Any CPU
	EndGlobalSection
	GlobalSection(SolutionProperties) = preSolution
		HideSolutionNode = FALSE
	EndGlobalSection
	GlobalSection(ExtensibilityGlobals) = postSolution
		SolutionGuid = {C3ADC77A-ED6F-45A8-8B32-3B6F5EB65ECA}
	EndGlobalSection
EndGlobal
